
Microsoft Visual Studio Solution File, Format Version 12.00
# Visual Studio Version 17
VisualStudioVersion = 17.11.35327.3
MinimumVisualStudioVersion = 10.0.40219.1
Project("{FAE04EC0-301F-11D3-BF4B-00C04F79EFBC}") = "Fawary_Internship_Challange1", "Fawary_Internship_Challange1\Fawary_Internship_Challange1.csproj", "{94C30027-0646-4376-9561-E4D57CC2ABD0}"
EndProject
Global
	GlobalSection(SolutionConfigurationPlatforms) = preSolution
		Debug|Any CPU = Debug|Any CPU
		Release|Any CPU = Release|Any CPU
	EndGlobalSection
	GlobalSection(ProjectConfigurationPlatforms) = postSolution
		{94C30027-0646-4376-9561-E4D57CC2ABD0}.Debug|Any CPU.ActiveCfg = Debug|Any CPU
		{94C30027-0646-4376-9561-E4D57CC2ABD0}.Debug|Any CPU.Build.0 = Debug|Any CPU
		{94C30027-0646-4376-9561-E4D57CC2ABD0}.Release|Any CPU.ActiveCfg = Release|Any CPU
		{94C30027-0646-4376-9561-E4D57CC2ABD0}.Release|Any CPU.Build.0 = Release|Any CPU
	EndGlobalSection
	GlobalSection(SolutionProperties) = preSolution
		HideSolutionNode = FALSE
	EndGlobalSection
	GlobalSection(ExtensibilityGlobals) = postSolution
		SolutionGuid = {C7E050C3-116A-4867-9100-9E58D892B2F4}
	EndGlobalSection
EndGlobal
